
Microsoft Visual Studio Solution File, Format Version 12.00
# Visual Studio 14
VisualStudioVersion = 14.0.22310.1
MinimumVisualStudioVersion = 10.0.40219.1
Project("{9092AA53-FB77-4645-B42D-1CCCA6BD08BD}") = "Jukebox-Web-2015", "Jukebox.Web\Jukebox-Web-2015.njsproj", "{6CA14A24-AB03-43DE-9211-DC63B86919FF}"
EndProject
Project("{FAE04EC0-301F-11D3-BF4B-00C04F79EFBC}") = "Jukebox", "Jukebox\Jukebox.csproj", "{7C9DF8A7-6727-45F8-BF4C-1EE19F6D1A79}"
EndProject
Project("{FAE04EC0-301F-11D3-BF4B-00C04F79EFBC}") = "Jukebox.WebJobs", "Jukebox.WebJobs\Jukebox.WebJobs.csproj", "{A550CC9C-3F8B-4C51-A46A-468D89945639}"
EndProject
Project("{FAE04EC0-301F-11D3-BF4B-00C04F79EFBC}") = "Scale.Storage", "..\Scale-Storage\Scale.Storage\Scale.Storage.csproj", "{E24AE0AD-D71C-423C-8363-940BA2EB4E24}"
EndProject
Global
	GlobalSection(SolutionConfigurationPlatforms) = preSolution
		Debug|Any CPU = Debug|Any CPU
		Release|Any CPU = Release|Any CPU
	EndGlobalSection
	GlobalSection(ProjectConfigurationPlatforms) = postSolution
		{6CA14A24-AB03-43DE-9211-DC63B86919FF}.Debug|Any CPU.ActiveCfg = Debug|Any CPU
		{6CA14A24-AB03-43DE-9211-DC63B86919FF}.Debug|Any CPU.Build.0 = Debug|Any CPU
		{6CA14A24-AB03-43DE-9211-DC63B86919FF}.Release|Any CPU.ActiveCfg = Release|Any CPU
		{6CA14A24-AB03-43DE-9211-DC63B86919FF}.Release|Any CPU.Build.0 = Release|Any CPU
		{7C9DF8A7-6727-45F8-BF4C-1EE19F6D1A79}.Debug|Any CPU.ActiveCfg = Debug|Any CPU
		{7C9DF8A7-6727-45F8-BF4C-1EE19F6D1A79}.Debug|Any CPU.Build.0 = Debug|Any CPU
		{7C9DF8A7-6727-45F8-BF4C-1EE19F6D1A79}.Release|Any CPU.ActiveCfg = Release|Any CPU
		{7C9DF8A7-6727-45F8-BF4C-1EE19F6D1A79}.Release|Any CPU.Build.0 = Release|Any CPU
		{A550CC9C-3F8B-4C51-A46A-468D89945639}.Debug|Any CPU.ActiveCfg = Debug|Any CPU
		{A550CC9C-3F8B-4C51-A46A-468D89945639}.Debug|Any CPU.Build.0 = Debug|Any CPU
		{A550CC9C-3F8B-4C51-A46A-468D89945639}.Release|Any CPU.ActiveCfg = Release|Any CPU
		{A550CC9C-3F8B-4C51-A46A-468D89945639}.Release|Any CPU.Build.0 = Release|Any CPU
		{E24AE0AD-D71C-423C-8363-940BA2EB4E24}.Debug|Any CPU.ActiveCfg = Debug|Any CPU
		{E24AE0AD-D71C-423C-8363-940BA2EB4E24}.Debug|Any CPU.Build.0 = Debug|Any CPU
		{E24AE0AD-D71C-423C-8363-940BA2EB4E24}.Release|Any CPU.ActiveCfg = Release|Any CPU
		{E24AE0AD-D71C-423C-8363-940BA2EB4E24}.Release|Any CPU.Build.0 = Release|Any CPU
	EndGlobalSection
	GlobalSection(SolutionProperties) = preSolution
		HideSolutionNode = FALSE
	EndGlobalSection
EndGlobal
